// !$*UTF8*$!
{
	archiveVersion = 1;
	classes = {
	};
	objectVersion = 55;
	objects = {

/* Begin PBXBuildFile section */
		AD4554BA3F1206AEA9C63AA0 /* Pods_SandstormSampleApp.framework in Frameworks */ = {isa = PBXBuildFile; fileRef = 972028CC090EAB72E48D66B3 /* Pods_SandstormSampleApp.framework */; };
		DBDA38B928117A1E00C285E0 /* AppDelegate.swift in Sources */ = {isa = PBXBuildFile; fileRef = DBDA38B828117A1E00C285E0 /* AppDelegate.swift */; };
		DBDA38BD28117A1E00C285E0 /* VastPlayerViewController.swift in Sources */ = {isa = PBXBuildFile; fileRef = DBDA38BC28117A1E00C285E0 /* VastPlayerViewController.swift */; };
		DBDA38C028117A1E00C285E0 /* Main.storyboard in Resources */ = {isa = PBXBuildFile; fileRef = DBDA38BE28117A1E00C285E0 /* Main.storyboard */; };
		DBDA38C228117A2100C285E0 /* Assets.xcassets in Resources */ = {isa = PBXBuildFile; fileRef = DBDA38C128117A2100C285E0 /* Assets.xcassets */; };
		DBDA38C528117A2100C285E0 /* LaunchScreen.storyboard in Resources */ = {isa = PBXBuildFile; fileRef = DBDA38C328117A2100C285E0 /* LaunchScreen.storyboard */; };
/* End PBXBuildFile section */

/* Begin PBXFileReference section */
		4EB3BBA791D65D4506038CEE /* Pods-SandstormSampleApp.release.xcconfig */ = {isa = PBXFileReference; includeInIndex = 1; lastKnownFileType = text.xcconfig; name = "Pods-SandstormSampleApp.release.xcconfig"; path = "Target Support Files/Pods-SandstormSampleApp/Pods-SandstormSampleApp.release.xcconfig"; sourceTree = "<group>"; };
		972028CC090EAB72E48D66B3 /* Pods_SandstormSampleApp.framework */ = {isa = PBXFileReference; explicitFileType = wrapper.framework; includeInIndex = 0; path = Pods_SandstormSampleApp.framework; sourceTree = BUILT_PRODUCTS_DIR; };
		D8EA044A0CF1F79545FF3B2F /* Pods-SandstormSampleApp.debug.xcconfig */ = {isa = PBXFileReference; includeInIndex = 1; lastKnownFileType = text.xcconfig; name = "Pods-SandstormSampleApp.debug.xcconfig"; path = "Target Support Files/Pods-SandstormSampleApp/Pods-SandstormSampleApp.debug.xcconfig"; sourceTree = "<group>"; };
		DBDA38B528117A1E00C285E0 /* SandstormSampleApp.app */ = {isa = PBXFileReference; explicitFileType = wrapper.application; includeInIndex = 0; path = SandstormSampleApp.app; sourceTree = BUILT_PRODUCTS_DIR; };
		DBDA38B828117A1E00C285E0 /* AppDelegate.swift */ = {isa = PBXFileReference; lastKnownFileType = sourcecode.swift; path = AppDelegate.swift; sourceTree = "<group>"; };
		DBDA38BC28117A1E00C285E0 /* VastPlayerViewController.swift */ = {isa = PBXFileReference; lastKnownFileType = sourcecode.swift; path = VastPlayerViewController.swift; sourceTree = "<group>"; };
		DBDA38BF28117A1E00C285E0 /* Base */ = {isa = PBXFileReference; lastKnownFileType = file.storyboard; name = Base; path = Base.lproj/Main.storyboard; sourceTree = "<group>"; };
		DBDA38C128117A2100C285E0 /* Assets.xcassets */ = {isa = PBXFileReference; lastKnownFileType = folder.assetcatalog; path = Assets.xcassets; sourceTree = "<group>"; };
		DBDA38C428117A2100C285E0 /* Base */ = {isa = PBXFileReference; lastKnownFileType = file.storyboard; name = Base; path = Base.lproj/LaunchScreen.storyboard; sourceTree = "<group>"; };
		DBDA38C628117A2100C285E0 /* Info.plist */ = {isa = PBXFileReference; lastKnownFileType = text.plist.xml; path = Info.plist; sourceTree = "<group>"; };
/* End PBXFileReference section */

/* Begin PBXFrameworksBuildPhase section */
		DBDA38B228117A1E00C285E0 /* Frameworks */ = {
			isa = PBXFrameworksBuildPhase;
			buildActionMask = 2147483647;
			files = (
				AD4554BA3F1206AEA9C63AA0 /* Pods_SandstormSampleApp.framework in Frameworks */,
			);
			runOnlyForDeploymentPostprocessing = 0;
		};
/* End PBXFrameworksBuildPhase section */

/* Begin PBXGroup section */
		A84B607FFF98ACF0CA99D146 /* Pods */ = {
			isa = PBXGroup;
			children = (
				D8EA044A0CF1F79545FF3B2F /* Pods-SandstormSampleApp.debug.xcconfig */,
				4EB3BBA791D65D4506038CEE /* Pods-SandstormSampleApp.release.xcconfig */,
			);
			path = Pods;
			sourceTree = "<group>";
		};
		BEC5D27CB8300024CC4256EB /* Frameworks */ = {
			isa = PBXGroup;
			children = (
				972028CC090EAB72E48D66B3 /* Pods_SandstormSampleApp.framework */,
			);
			name = Frameworks;
			sourceTree = "<group>";
		};
		DBDA38AC28117A1E00C285E0 = {
			isa = PBXGroup;
			children = (
				DBDA38B728117A1E00C285E0 /* SandstormSampleApp */,
				DBDA38B628117A1E00C285E0 /* Products */,
				A84B607FFF98ACF0CA99D146 /* Pods */,
				BEC5D27CB8300024CC4256EB /* Frameworks */,
			);
			sourceTree = "<group>";
		};
		DBDA38B628117A1E00C285E0 /* Products */ = {
			isa = PBXGroup;
			children = (
				DBDA38B528117A1E00C285E0 /* SandstormSampleApp.app */,
			);
			name = Products;
			sourceTree = "<group>";
		};
		DBDA38B728117A1E00C285E0 /* SandstormSampleApp */ = {
			isa = PBXGroup;
			children = (
				DBDA38B828117A1E00C285E0 /* AppDelegate.swift */,
				DBDA38BC28117A1E00C285E0 /* VastPlayerViewController.swift */,
				DBDA38BE28117A1E00C285E0 /* Main.storyboard */,
				DBDA38C128117A2100C285E0 /* Assets.xcassets */,
				DBDA38C328117A2100C285E0 /* LaunchScreen.storyboard */,
				DBDA38C628117A2100C285E0 /* Info.plist */,
			);
			path = SandstormSampleApp;
			sourceTree = "<group>";
		};
/* End PBXGroup section */

/* Begin PBXNativeTarget section */
		DBDA38B428117A1E00C285E0 /* SandstormSampleApp */ = {
			isa = PBXNativeTarget;
			buildConfigurationList = DBDA38C928117A2100C285E0 /* Build configuration list for PBXNativeTarget "SandstormSampleApp" */;
			buildPhases = (
				FE90F9E31B941BC1BF1B2B32 /* [CP] Check Pods Manifest.lock */,
				DBDA38B128117A1E00C285E0 /* Sources */,
				DBDA38B228117A1E00C285E0 /* Frameworks */,
				DBDA38B328117A1E00C285E0 /* Resources */,
				3E146F85601AFA8FDC336A60 /* [CP] Embed Pods Frameworks */,
			);
			buildRules = (
			);
			dependencies = (
			);
			name = SandstormSampleApp;
			productName = SandstormSampleApp;
			productReference = DBDA38B528117A1E00C285E0 /* SandstormSampleApp.app */;
			productType = "com.apple.product-type.application";
		};
/* End PBXNativeTarget section */

/* Begin PBXProject section */
		DBDA38AD28117A1E00C285E0 /* Project object */ = {
			isa = PBXProject;
			attributes = {
				BuildIndependentTargetsInParallel = 1;
				LastSwiftUpdateCheck = 1320;
				LastUpgradeCheck = 1320;
				TargetAttributes = {
					DBDA38B428117A1E00C285E0 = {
						CreatedOnToolsVersion = 13.2.1;
					};
				};
			};
			buildConfigurationList = DBDA38B028117A1E00C285E0 /* Build configuration list for PBXProject "SandstormSampleApp" */;
			compatibilityVersion = "Xcode 13.0";
			developmentRegion = en;
			hasScannedForEncodings = 0;
			knownRegions = (
				en,
				Base,
			);
			mainGroup = DBDA38AC28117A1E00C285E0;
			productRefGroup = DBDA38B628117A1E00C285E0 /* Products */;
			projectDirPath = "";
			projectRoot = "";
			targets = (
				DBDA38B428117A1E00C285E0 /* SandstormSampleApp */,
			);
		};
/* End PBXProject section */

/* Begin PBXResourcesBuildPhase section */
		DBDA38B328117A1E00C285E0 /* Resources */ = {
			isa = PBXResourcesBuildPhase;
			buildActionMask = 2147483647;
			files = (
				DBDA38C528117A2100C285E0 /* LaunchScreen.storyboard in Resources */,
				DBDA38C228117A2100C285E0 /* Assets.xcassets in Resources */,
				DBDA38C028117A1E00C285E0 /* Main.storyboard in Resources */,
			);
			runOnlyForDeploymentPostprocessing = 0;
		};
/* End PBXResourcesBuildPhase section */

/* Begin PBXShellScriptBuildPhase section */
		3E146F85601AFA8FDC336A60 /* [CP] Embed Pods Frameworks */ = {
			isa = PBXShellScriptBuildPhase;
			buildActionMask = 2147483647;
			files = (
			);
			inputFileListPaths = (
				"${PODS_ROOT}/Target Support Files/Pods-SandstormSampleApp/Pods-SandstormSampleApp-frameworks-${CONFIGURATION}-input-files.xcfilelist",
			);
			name = "[CP] Embed Pods Frameworks";
			outputFileListPaths = (
				"${PODS_ROOT}/Target Support Files/Pods-SandstormSampleApp/Pods-SandstormSampleApp-frameworks-${CONFIGURATION}-output-files.xcfilelist",
			);
			runOnlyForDeploymentPostprocessing = 0;
			shellPath = /bin/sh;
			shellScript = "\"${PODS_ROOT}/Target Support Files/Pods-SandstormSampleApp/Pods-SandstormSampleApp-frameworks.sh\"\n";
			showEnvVarsInLog = 0;
		};
		FE90F9E31B941BC1BF1B2B32 /* [CP] Check Pods Manifest.lock */ = {
			isa = PBXShellScriptBuildPhase;
			buildActionMask = 2147483647;
			files = (
			);
			inputFileListPaths = (
			);
			inputPaths = (
				"${PODS_PODFILE_DIR_PATH}/Podfile.lock",
				"${PODS_ROOT}/Manifest.lock",
			);
			name = "[CP] Check Pods Manifest.lock";
			outputFileListPaths = (
			);
			outputPaths = (
				"$(DERIVED_FILE_DIR)/Pods-SandstormSampleApp-checkManifestLockResult.txt",
			);
			runOnlyForDeploymentPostprocessing = 0;
			shellPath = /bin/sh;
			shellScript = "diff \"${PODS_PODFILE_DIR_PATH}/Podfile.lock\" \"${PODS_ROOT}/Manifest.lock\" > /dev/null\nif [ $? != 0 ] ; then\n    # print error to STDERR\n    echo \"error: The sandbox is not in sync with the Podfile.lock. Run 'pod install' or update your CocoaPods installation.\" >&2\n    exit 1\nfi\n# This output is used by Xcode 'outputs' to avoid re-running this script phase.\necho \"SUCCESS\" > \"${SCRIPT_OUTPUT_FILE_0}\"\n";
			showEnvVarsInLog = 0;
		};
/* End PBXShellScriptBuildPhase section */

/* Begin PBXSourcesBuildPhase section */
		DBDA38B128117A1E00C285E0 /* Sources */ = {
			isa = PBXSourcesBuildPhase;
			buildActionMask = 2147483647;
			files = (
				DBDA38BD28117A1E00C285E0 /* VastPlayerViewController.swift in Sources */,
				DBDA38B928117A1E00C285E0 /* AppDelegate.swift in Sources */,
			);
			runOnlyForDeploymentPostprocessing = 0;
		};
/* End PBXSourcesBuildPhase section */

/* Begin PBXVariantGroup section */
		DBDA38BE28117A1E00C285E0 /* Main.storyboard */ = {
			isa = PBXVariantGroup;
			children = (
				DBDA38BF28117A1E00C285E0 /* Base */,
			);
			name = Main.storyboard;
			sourceTree = "<group>";
		};
		DBDA38C328117A2100C285E0 /* LaunchScreen.storyboard */ = {
			isa = PBXVariantGroup;
			children = (
				DBDA38C428117A2100C285E0 /* Base */,
			);
			name = LaunchScreen.storyboard;
			sourceTree = "<group>";
		};
/* End PBXVariantGroup section */

/* Begin XCBuildConfiguration section */
		DBDA38C728117A2100C285E0 /* Debug */ = {
			isa = XCBuildConfiguration;
			buildSettings = {
				ALWAYS_SEARCH_USER_PATHS = NO;
				CLANG_ANALYZER_NONNULL = YES;
				CLANG_ANALYZER_NUMBER_OBJECT_CONVERSION = YES_AGGRESSIVE;
				CLANG_CXX_LANGUAGE_STANDARD = "gnu++17";
				CLANG_CXX_LIBRARY = "libc++";
				CLANG_ENABLE_MODULES = YES;
				CLANG_ENABLE_OBJC_ARC = YES;
				CLANG_ENABLE_OBJC_WEAK = YES;
				CLANG_WARN_BLOCK_CAPTURE_AUTORELEASING = YES;
				CLANG_WARN_BOOL_CONVERSION = YES;
				CLANG_WARN_COMMA = YES;
				CLANG_WARN_CONSTANT_CONVERSION = YES;
				CLANG_WARN_DEPRECATED_OBJC_IMPLEMENTATIONS = YES;
				CLANG_WARN_DIRECT_OBJC_ISA_USAGE = YES_ERROR;
				CLANG_WARN_DOCUMENTATION_COMMENTS = YES;
				CLANG_WARN_EMPTY_BODY = YES;
				CLANG_WARN_ENUM_CONVERSION = YES;
				CLANG_WARN_INFINITE_RECURSION = YES;
				CLANG_WARN_INT_CONVERSION = YES;
				CLANG_WARN_NON_LITERAL_NULL_CONVERSION = YES;
				CLANG_WARN_OBJC_IMPLICIT_RETAIN_SELF = YES;
				CLANG_WARN_OBJC_LITERAL_CONVERSION = YES;
				CLANG_WARN_OBJC_ROOT_CLASS = YES_ERROR;
				CLANG_WARN_QUOTED_INCLUDE_IN_FRAMEWORK_HEADER = YES;
				CLANG_WARN_RANGE_LOOP_ANALYSIS = YES;
				CLANG_WARN_STRICT_PROTOTYPES = YES;
				CLANG_WARN_SUSPICIOUS_MOVE = YES;
				CLANG_WARN_UNGUARDED_AVAILABILITY = YES_AGGRESSIVE;
				CLANG_WARN_UNREACHABLE_CODE = YES;
				CLANG_WARN__DUPLICATE_METHOD_MATCH = YES;
				COPY_PHASE_STRIP = NO;
				DEBUG_INFORMATION_FORMAT = dwarf;
				ENABLE_STRICT_OBJC_MSGSEND = YES;
				ENABLE_TESTABILITY = YES;
				GCC_C_LANGUAGE_STANDARD = gnu11;
				GCC_DYNAMIC_NO_PIC = NO;
				GCC_NO_COMMON_BLOCKS = YES;
				GCC_OPTIMIZATION_LEVEL = 0;
				GCC_PREPROCESSOR_DEFINITIONS = (
					"DEBUG=1",
					"$(inherited)",
				);
				GCC_WARN_64_TO_32_BIT_CONVERSION = YES;
				GCC_WARN_ABOUT_RETURN_TYPE = YES_ERROR;
				GCC_WARN_UNDECLARED_SELECTOR = YES;
				GCC_WARN_UNINITIALIZED_AUTOS = YES_AGGRESSIVE;
				GCC_WARN_UNUSED_FUNCTION = YES;
				GCC_WARN_UNUSED_VARIABLE = YES;
				IPHONEOS_DEPLOYMENT_TARGET = 15.2;
				MTL_ENABLE_DEBUG_INFO = INCLUDE_SOURCE;
				MTL_FAST_MATH = YES;
				ONLY_ACTIVE_ARCH = YES;
				SDKROOT = iphoneos;
				SWIFT_ACTIVE_COMPILATION_CONDITIONS = DEBUG;
				SWIFT_OPTIMIZATION_LEVEL = "-Onone";
			};
			name = Debug;
		};
		DBDA38C828117A2100C285E0 /* Release */ = {
			isa = XCBuildConfiguration;
			buildSettings = {
				ALWAYS_SEARCH_USER_PATHS = NO;
				CLANG_ANALYZER_NONNULL = YES;
				CLANG_ANALYZER_NUMBER_OBJECT_CONVERSION = YES_AGGRESSIVE;
				CLANG_CXX_LANGUAGE_STANDARD = "gnu++17";
				CLANG_CXX_LIBRARY = "libc++";
				CLANG_ENABLE_MODULES = YES;
				CLANG_ENABLE_OBJC_ARC = YES;
				CLANG_ENABLE_OBJC_WEAK = YES;
				CLANG_WARN_BLOCK_CAPTURE_AUTORELEASING = YES;
				CLANG_WARN_BOOL_CONVERSION = YES;
				CLANG_WARN_COMMA = YES;
				CLANG_WARN_CONSTANT_CONVERSION = YES;
				CLANG_WARN_DEPRECATED_OBJC_IMPLEMENTATIONS = YES;
				CLANG_WARN_DIRECT_OBJC_ISA_USAGE = YES_ERROR;
				CLANG_WARN_DOCUMENTATION_COMMENTS = YES;
				CLANG_WARN_EMPTY_BODY = YES;
				CLANG_WARN_ENUM_CONVERSION = YES;
				CLANG_WARN_INFINITE_RECURSION = YES;
				CLANG_WARN_INT_CONVERSION = YES;
				CLANG_WARN_NON_LITERAL_NULL_CONVERSION = YES;
				CLANG_WARN_OBJC_IMPLICIT_RETAIN_SELF = YES;
				CLANG_WARN_OBJC_LITERAL_CONVERSION = YES;
				CLANG_WARN_OBJC_ROOT_CLASS = YES_ERROR;
				CLANG_WARN_QUOTED_INCLUDE_IN_FRAMEWORK_HEADER = YES;
				CLANG_WARN_RANGE_LOOP_ANALYSIS = YES;
				CLANG_WARN_STRICT_PROTOTYPES = YES;
				CLANG_WARN_SUSPICIOUS_MOVE = YES;
				CLANG_WARN_UNGUARDED_AVAILABILITY = YES_AGGRESSIVE;
				CLANG_WARN_UNREACHABLE_CODE = YES;
				CLANG_WARN__DUPLICATE_METHOD_MATCH = YES;
				COPY_PHASE_STRIP = NO;
				DEBUG_INFORMATION_FORMAT = "dwarf-with-dsym";
				ENABLE_NS_ASSERTIONS = NO;
				ENABLE_STRICT_OBJC_MSGSEND = YES;
				GCC_C_LANGUAGE_STANDARD = gnu11;
				GCC_NO_COMMON_BLOCKS = YES;
				GCC_WARN_64_TO_32_BIT_CONVERSION = YES;
				GCC_WARN_ABOUT_RETURN_TYPE = YES_ERROR;
				GCC_WARN_UNDECLARED_SELECTOR = YES;
				GCC_WARN_UNINITIALIZED_AUTOS = YES_AGGRESSIVE;
				GCC_WARN_UNUSED_FUNCTION = YES;
				GCC_WARN_UNUSED_VARIABLE = YES;
				IPHONEOS_DEPLOYMENT_TARGET = 15.2;
				MTL_ENABLE_DEBUG_INFO = NO;
				MTL_FAST_MATH = YES;
				SDKROOT = iphoneos;
				SWIFT_COMPILATION_MODE = wholemodule;
				SWIFT_OPTIMIZATION_LEVEL = "-O";
				VALIDATE_PRODUCT = YES;
			};
			name = Release;
		};
		DBDA38CA28117A2100C285E0 /* Debug */ = {
			isa = XCBuildConfiguration;
			baseConfigurationReference = D8EA044A0CF1F79545FF3B2F /* Pods-SandstormSampleApp.debug.xcconfig */;
			buildSettings = {
				ASSETCATALOG_COMPILER_APPICON_NAME = AppIcon;
				ASSETCATALOG_COMPILER_GLOBAL_ACCENT_COLOR_NAME = AccentColor;
				CODE_SIGN_STYLE = Automatic;
				CURRENT_PROJECT_VERSION = 1;
				DEVELOPMENT_TEAM = "";
				GENERATE_INFOPLIST_FILE = YES;
				INFOPLIST_FILE = SandstormSampleApp/Info.plist;
				INFOPLIST_KEY_UIApplicationSupportsIndirectInputEvents = YES;
				INFOPLIST_KEY_UILaunchStoryboardName = LaunchScreen;
				INFOPLIST_KEY_UIMainStoryboardFile = Main;
				INFOPLIST_KEY_UISupportedInterfaceOrientations_iPad = "UIInterfaceOrientationPortrait UIInterfaceOrientationPortraitUpsideDown UIInterfaceOrientationLandscapeLeft UIInterfaceOrientationLandscapeRight";
				INFOPLIST_KEY_UISupportedInterfaceOrientations_iPhone = "UIInterfaceOrientationPortrait UIInterfaceOrientationLandscapeLeft UIInterfaceOrientationLandscapeRight";
				LD_RUNPATH_SEARCH_PATHS = (
					"$(inherited)",
					"@executable_path/Frameworks",
				);
				MARKETING_VERSION = 1.0;
				PRODUCT_BUNDLE_IDENTIFIER = com.siroccomobile.adTonos.sandstormSampleApp.SandstormSampleApp;
				PRODUCT_NAME = "$(TARGET_NAME)";
				SWIFT_EMIT_LOC_STRINGS = YES;
				SWIFT_VERSION = 5.0;
				TARGETED_DEVICE_FAMILY = "1,2";
			};
			name = Debug;
		};
		DBDA38CB28117A2100C285E0 /* Release */ = {
			isa = XCBuildConfiguration;
			baseConfigurationReference = 4EB3BBA791D65D4506038CEE /* Pods-SandstormSampleApp.release.xcconfig */;
			buildSettings = {
				ASSETCATALOG_COMPILER_APPICON_NAME = AppIcon;
				ASSETCATALOG_COMPILER_GLOBAL_ACCENT_COLOR_NAME = AccentColor;
				CODE_SIGN_STYLE = Automatic;
				CURRENT_PROJECT_VERSION = 1;
				DEVELOPMENT_TEAM = "";
				GENERATE_INFOPLIST_FILE = YES;
				INFOPLIST_FILE = SandstormSampleApp/Info.plist;
				INFOPLIST_KEY_UIApplicationSupportsIndirectInputEvents = YES;
				INFOPLIST_KEY_UILaunchStoryboardName = LaunchScreen;
				INFOPLIST_KEY_UIMainStoryboardFile = Main;
				INFOPLIST_KEY_UISupportedInterfaceOrientations_iPad = "UIInterfaceOrientationPortrait UIInterfaceOrientationPortraitUpsideDown UIInterfaceOrientationLandscapeLeft UIInterfaceOrientationLandscapeRight";
				INFOPLIST_KEY_UISupportedInterfaceOrientations_iPhone = "UIInterfaceOrientationPortrait UIInterfaceOrientationLandscapeLeft UIInterfaceOrientationLandscapeRight";
				LD_RUNPATH_SEARCH_PATHS = (
					"$(inherited)",
					"@executable_path/Frameworks",
				);
				MARKETING_VERSION = 1.0;
				PRODUCT_BUNDLE_IDENTIFIER = com.siroccomobile.adTonos.sandstormSampleApp.SandstormSampleApp;
				PRODUCT_NAME = "$(TARGET_NAME)";
				SWIFT_EMIT_LOC_STRINGS = YES;
				SWIFT_VERSION = 5.0;
				TARGETED_DEVICE_FAMILY = "1,2";
			};
			name = Release;
		};
/* End XCBuildConfiguration section */

/* Begin XCConfigurationList section */
		DBDA38B028117A1E00C285E0 /* Build configuration list for PBXProject "SandstormSampleApp" */ = {
			isa = XCConfigurationList;
			buildConfigurations = (
				DBDA38C728117A2100C285E0 /* Debug */,
				DBDA38C828117A2100C285E0 /* Release */,
			);
			defaultConfigurationIsVisible = 0;
			defaultConfigurationName = Release;
		};
		DBDA38C928117A2100C285E0 /* Build configuration list for PBXNativeTarget "SandstormSampleApp" */ = {
			isa = XCConfigurationList;
			buildConfigurations = (
				DBDA38CA28117A2100C285E0 /* Debug */,
				DBDA38CB28117A2100C285E0 /* Release */,
			);
			defaultConfigurationIsVisible = 0;
			defaultConfigurationName = Release;
		};
/* End XCConfigurationList section */
	};
	rootObject = DBDA38AD28117A1E00C285E0 /* Project object */;
}
